
Microsoft Visual Studio Solution File, Format Version 12.00
# Visual Studio Version 16
VisualStudioVersion = 16.0.32228.343
MinimumVisualStudioVersion = 10.0.40219.1
Project("{FAE04EC0-301F-11D3-BF4B-00C04F79EFBC}") = "Project2", "Project2.csproj", "{C7D0406D-52D5-4F47-B226-88BCB7F0FC74}"
EndProject
Global
	GlobalSection(SolutionConfigurationPlatforms) = preSolution
		Debug|Any CPU = Debug|Any CPU
		Release|Any CPU = Release|Any CPU
	EndGlobalSection
	GlobalSection(ProjectConfigurationPlatforms) = postSolution
		{C7D0406D-52D5-4F47-B226-88BCB7F0FC74}.Debug|Any CPU.ActiveCfg = Debug|Any CPU
		{C7D0406D-52D5-4F47-B226-88BCB7F0FC74}.Debug|Any CPU.Build.0 = Debug|Any CPU
		{C7D0406D-52D5-4F47-B226-88BCB7F0FC74}.Release|Any CPU.ActiveCfg = Release|Any CPU
		{C7D0406D-52D5-4F47-B226-88BCB7F0FC74}.Release|Any CPU.Build.0 = Release|Any CPU
	EndGlobalSection
	GlobalSection(SolutionProperties) = preSolution
		HideSolutionNode = FALSE
	EndGlobalSection
	GlobalSection(ExtensibilityGlobals) = postSolution
		SolutionGuid = {0C3EC61D-4B68-48DD-9AE8-85FDA9989B0C}
	EndGlobalSection
EndGlobal
